
Microsoft Visual Studio Solution File, Format Version 12.00
# Visual Studio Version 16
VisualStudioVersion = 16.0.31424.327
MinimumVisualStudioVersion = 10.0.40219.1
Project("{FAE04EC0-301F-11D3-BF4B-00C04F79EFBC}") = "TocTacTpe", "TocTacTpe\TocTacTpe.csproj", "{D59EBF9C-F3EC-4C34-BDC9-16EFDE9BC13C}"
EndProject
Global
	GlobalSection(SolutionConfigurationPlatforms) = preSolution
		Debug|Any CPU = Debug|Any CPU
		Release|Any CPU = Release|Any CPU
	EndGlobalSection
	GlobalSection(ProjectConfigurationPlatforms) = postSolution
		{D59EBF9C-F3EC-4C34-BDC9-16EFDE9BC13C}.Debug|Any CPU.ActiveCfg = Debug|Any CPU
		{D59EBF9C-F3EC-4C34-BDC9-16EFDE9BC13C}.Debug|Any CPU.Build.0 = Debug|Any CPU
		{D59EBF9C-F3EC-4C34-BDC9-16EFDE9BC13C}.Release|Any CPU.ActiveCfg = Release|Any CPU
		{D59EBF9C-F3EC-4C34-BDC9-16EFDE9BC13C}.Release|Any CPU.Build.0 = Release|Any CPU
	EndGlobalSection
	GlobalSection(SolutionProperties) = preSolution
		HideSolutionNode = FALSE
	EndGlobalSection
	GlobalSection(ExtensibilityGlobals) = postSolution
		SolutionGuid = {03A24AA7-D36B-485A-89C2-4FCE719D64DA}
	EndGlobalSection
EndGlobal
